
Microsoft Visual Studio Solution File, Format Version 12.00
# Visual Studio Version 17
VisualStudioVersion = 17.0.31903.59
MinimumVisualStudioVersion = 10.0.40219.1
Project("{2150E333-8FDC-42A3-9474-1A3956D46DE8}") = "src", "src", "{827E0CD3-B72D-47B6-A68D-7590B98EB39B}"
EndProject
Project("{FAE04EC0-301F-11D3-BF4B-00C04F79EFBC}") = "SportsDataService.API", "src\SportsDataService.API\SportsDataService.API.csproj", "{CDF93C05-CEF2-4F28-A7D7-32D7F5C03D7C}"
EndProject
Project("{FAE04EC0-301F-11D3-BF4B-00C04F79EFBC}") = "SportsDataService.Application", "src\SportsDataService.Application\SportsDataService.Application.csproj", "{88BFBC08-2630-41FA-A6B6-E4847B5ECF1E}"
EndProject
Project("{FAE04EC0-301F-11D3-BF4B-00C04F79EFBC}") = "SportsDataService.Domain", "src\SportsDataService.Domain\SportsDataService.Domain.csproj", "{944F0A4E-7DCD-4B7B-ACDE-8A8932C55FC2}"
EndProject
Project("{FAE04EC0-301F-11D3-BF4B-00C04F79EFBC}") = "SportsDataService.Infrastructure", "src\SportsDataService.Infrastructure\SportsDataService.Infrastructure.csproj", "{05448F4A-10A9-4665-9D9E-F4E838ED2634}"
EndProject
Project("{2150E333-8FDC-42A3-9474-1A3956D46DE8}") = "tests", "tests", "{0AB3BF05-4346-4AA6-1389-037BE0695223}"
EndProject
Project("{FAE04EC0-301F-11D3-BF4B-00C04F79EFBC}") = "SportsDataService.Tests", "tests\SportsDataService.Tests\SportsDataService.Tests.csproj", "{93107CC3-ADDB-48CB-8548-3E9586A1E99F}"
EndProject
Global
	GlobalSection(SolutionConfigurationPlatforms) = preSolution
		Debug|Any CPU = Debug|Any CPU
		Debug|x64 = Debug|x64
		Debug|x86 = Debug|x86
		Release|Any CPU = Release|Any CPU
		Release|x64 = Release|x64
		Release|x86 = Release|x86
	EndGlobalSection
	GlobalSection(ProjectConfigurationPlatforms) = postSolution
		{CDF93C05-CEF2-4F28-A7D7-32D7F5C03D7C}.Debug|Any CPU.ActiveCfg = Debug|Any CPU
		{CDF93C05-CEF2-4F28-A7D7-32D7F5C03D7C}.Debug|Any CPU.Build.0 = Debug|Any CPU
		{CDF93C05-CEF2-4F28-A7D7-32D7F5C03D7C}.Debug|x64.ActiveCfg = Debug|Any CPU
		{CDF93C05-CEF2-4F28-A7D7-32D7F5C03D7C}.Debug|x64.Build.0 = Debug|Any CPU
		{CDF93C05-CEF2-4F28-A7D7-32D7F5C03D7C}.Debug|x86.ActiveCfg = Debug|Any CPU
		{CDF93C05-CEF2-4F28-A7D7-32D7F5C03D7C}.Debug|x86.Build.0 = Debug|Any CPU
		{CDF93C05-CEF2-4F28-A7D7-32D7F5C03D7C}.Release|Any CPU.ActiveCfg = Release|Any CPU
		{CDF93C05-CEF2-4F28-A7D7-32D7F5C03D7C}.Release|Any CPU.Build.0 = Release|Any CPU
		{CDF93C05-CEF2-4F28-A7D7-32D7F5C03D7C}.Release|x64.ActiveCfg = Release|Any CPU
		{CDF93C05-CEF2-4F28-A7D7-32D7F5C03D7C}.Release|x64.Build.0 = Release|Any CPU
		{CDF93C05-CEF2-4F28-A7D7-32D7F5C03D7C}.Release|x86.ActiveCfg = Release|Any CPU
		{CDF93C05-CEF2-4F28-A7D7-32D7F5C03D7C}.Release|x86.Build.0 = Release|Any CPU
		{88BFBC08-2630-41FA-A6B6-E4847B5ECF1E}.Debug|Any CPU.ActiveCfg = Debug|Any CPU
		{88BFBC08-2630-41FA-A6B6-E4847B5ECF1E}.Debug|Any CPU.Build.0 = Debug|Any CPU
		{88BFBC08-2630-41FA-A6B6-E4847B5ECF1E}.Debug|x64.ActiveCfg = Debug|Any CPU
		{88BFBC08-2630-41FA-A6B6-E4847B5ECF1E}.Debug|x64.Build.0 = Debug|Any CPU
		{88BFBC08-2630-41FA-A6B6-E4847B5ECF1E}.Debug|x86.ActiveCfg = Debug|Any CPU
		{88BFBC08-2630-41FA-A6B6-E4847B5ECF1E}.Debug|x86.Build.0 = Debug|Any CPU
		{88BFBC08-2630-41FA-A6B6-E4847B5ECF1E}.Release|Any CPU.ActiveCfg = Release|Any CPU
		{88BFBC08-2630-41FA-A6B6-E4847B5ECF1E}.Release|Any CPU.Build.0 = Release|Any CPU
		{88BFBC08-2630-41FA-A6B6-E4847B5ECF1E}.Release|x64.ActiveCfg = Release|Any CPU
		{88BFBC08-2630-41FA-A6B6-E4847B5ECF1E}.Release|x64.Build.0 = Release|Any CPU
		{88BFBC08-2630-41FA-A6B6-E4847B5ECF1E}.Release|x86.ActiveCfg = Release|Any CPU
		{88BFBC08-2630-41FA-A6B6-E4847B5ECF1E}.Release|x86.Build.0 = Release|Any CPU
		{944F0A4E-7DCD-4B7B-ACDE-8A8932C55FC2}.Debug|Any CPU.ActiveCfg = Debug|Any CPU
		{944F0A4E-7DCD-4B7B-ACDE-8A8932C55FC2}.Debug|Any CPU.Build.0 = Debug|Any CPU
		{944F0A4E-7DCD-4B7B-ACDE-8A8932C55FC2}.Debug|x64.ActiveCfg = Debug|Any CPU
		{944F0A4E-7DCD-4B7B-ACDE-8A8932C55FC2}.Debug|x64.Build.0 = Debug|Any CPU
		{944F0A4E-7DCD-4B7B-ACDE-8A8932C55FC2}.Debug|x86.ActiveCfg = Debug|Any CPU
		{944F0A4E-7DCD-4B7B-ACDE-8A8932C55FC2}.Debug|x86.Build.0 = Debug|Any CPU
		{944F0A4E-7DCD-4B7B-ACDE-8A8932C55FC2}.Release|Any CPU.ActiveCfg = Release|Any CPU
		{944F0A4E-7DCD-4B7B-ACDE-8A8932C55FC2}.Release|Any CPU.Build.0 = Release|Any CPU
		{944F0A4E-7DCD-4B7B-ACDE-8A8932C55FC2}.Release|x64.ActiveCfg = Release|Any CPU
		{944F0A4E-7DCD-4B7B-ACDE-8A8932C55FC2}.Release|x64.Build.0 = Release|Any CPU
		{944F0A4E-7DCD-4B7B-ACDE-8A8932C55FC2}.Release|x86.ActiveCfg = Release|Any CPU
		{944F0A4E-7DCD-4B7B-ACDE-8A8932C55FC2}.Release|x86.Build.0 = Release|Any CPU
		{05448F4A-10A9-4665-9D9E-F4E838ED2634}.Debug|Any CPU.ActiveCfg = Debug|Any CPU
		{05448F4A-10A9-4665-9D9E-F4E838ED2634}.Debug|Any CPU.Build.0 = Debug|Any CPU
		{05448F4A-10A9-4665-9D9E-F4E838ED2634}.Debug|x64.ActiveCfg = Debug|Any CPU
		{05448F4A-10A9-4665-9D9E-F4E838ED2634}.Debug|x64.Build.0 = Debug|Any CPU
		{05448F4A-10A9-4665-9D9E-F4E838ED2634}.Debug|x86.ActiveCfg = Debug|Any CPU
		{05448F4A-10A9-4665-9D9E-F4E838ED2634}.Debug|x86.Build.0 = Debug|Any CPU
		{05448F4A-10A9-4665-9D9E-F4E838ED2634}.Release|Any CPU.ActiveCfg = Release|Any CPU
		{05448F4A-10A9-4665-9D9E-F4E838ED2634}.Release|Any CPU.Build.0 = Release|Any CPU
		{05448F4A-10A9-4665-9D9E-F4E838ED2634}.Release|x64.ActiveCfg = Release|Any CPU
		{05448F4A-10A9-4665-9D9E-F4E838ED2634}.Release|x64.Build.0 = Release|Any CPU
		{05448F4A-10A9-4665-9D9E-F4E838ED2634}.Release|x86.ActiveCfg = Release|Any CPU
		{05448F4A-10A9-4665-9D9E-F4E838ED2634}.Release|x86.Build.0 = Release|Any CPU
		{93107CC3-ADDB-48CB-8548-3E9586A1E99F}.Debug|Any CPU.ActiveCfg = Debug|Any CPU
		{93107CC3-ADDB-48CB-8548-3E9586A1E99F}.Debug|Any CPU.Build.0 = Debug|Any CPU
		{93107CC3-ADDB-48CB-8548-3E9586A1E99F}.Debug|x64.ActiveCfg = Debug|Any CPU
		{93107CC3-ADDB-48CB-8548-3E9586A1E99F}.Debug|x64.Build.0 = Debug|Any CPU
		{93107CC3-ADDB-48CB-8548-3E9586A1E99F}.Debug|x86.ActiveCfg = Debug|Any CPU
		{93107CC3-ADDB-48CB-8548-3E9586A1E99F}.Debug|x86.Build.0 = Debug|Any CPU
		{93107CC3-ADDB-48CB-8548-3E9586A1E99F}.Release|Any CPU.ActiveCfg = Release|Any CPU
		{93107CC3-ADDB-48CB-8548-3E9586A1E99F}.Release|Any CPU.Build.0 = Release|Any CPU
		{93107CC3-ADDB-48CB-8548-3E9586A1E99F}.Release|x64.ActiveCfg = Release|Any CPU
		{93107CC3-ADDB-48CB-8548-3E9586A1E99F}.Release|x64.Build.0 = Release|Any CPU
		{93107CC3-ADDB-48CB-8548-3E9586A1E99F}.Release|x86.ActiveCfg = Release|Any CPU
		{93107CC3-ADDB-48CB-8548-3E9586A1E99F}.Release|x86.Build.0 = Release|Any CPU
	EndGlobalSection
	GlobalSection(SolutionProperties) = preSolution
		HideSolutionNode = FALSE
	EndGlobalSection
	GlobalSection(NestedProjects) = preSolution
		{CDF93C05-CEF2-4F28-A7D7-32D7F5C03D7C} = {827E0CD3-B72D-47B6-A68D-7590B98EB39B}
		{88BFBC08-2630-41FA-A6B6-E4847B5ECF1E} = {827E0CD3-B72D-47B6-A68D-7590B98EB39B}
		{944F0A4E-7DCD-4B7B-ACDE-8A8932C55FC2} = {827E0CD3-B72D-47B6-A68D-7590B98EB39B}
		{05448F4A-10A9-4665-9D9E-F4E838ED2634} = {827E0CD3-B72D-47B6-A68D-7590B98EB39B}
		{93107CC3-ADDB-48CB-8548-3E9586A1E99F} = {0AB3BF05-4346-4AA6-1389-037BE0695223}
	EndGlobalSection
EndGlobal
